
Microsoft Visual Studio Solution File, Format Version 12.00
# Visual Studio 14
VisualStudioVersion = 14.0.24720.0
MinimumVisualStudioVersion = 10.0.40219.1
Project("{F2A71F9B-5D33-465A-A702-920D77279786}") = "Test 3", "Test 3\Test 3.fsproj", "{140F148B-DAB4-4F4A-9B69-EF8E57847D32}"
EndProject
Global
	GlobalSection(SolutionConfigurationPlatforms) = preSolution
		Debug|Any CPU = Debug|Any CPU
		Release|Any CPU = Release|Any CPU
	EndGlobalSection
	GlobalSection(ProjectConfigurationPlatforms) = postSolution
		{140F148B-DAB4-4F4A-9B69-EF8E57847D32}.Debug|Any CPU.ActiveCfg = Debug|Any CPU
		{140F148B-DAB4-4F4A-9B69-EF8E57847D32}.Debug|Any CPU.Build.0 = Debug|Any CPU
		{140F148B-DAB4-4F4A-9B69-EF8E57847D32}.Release|Any CPU.ActiveCfg = Release|Any CPU
		{140F148B-DAB4-4F4A-9B69-EF8E57847D32}.Release|Any CPU.Build.0 = Release|Any CPU
	EndGlobalSection
	GlobalSection(SolutionProperties) = preSolution
		HideSolutionNode = FALSE
	EndGlobalSection
EndGlobal
