
Microsoft Visual Studio Solution File, Format Version 12.00
# Visual Studio 14
VisualStudioVersion = 14.0.24720.0
MinimumVisualStudioVersion = 10.0.40219.1
Project("{F2A71F9B-5D33-465A-A702-920D77279786}") = "Task 3.3", "Task 3.3\Task 3.3.fsproj", "{A179EE6D-1827-46B8-81E5-DD1F4D831C67}"
EndProject
Global
	GlobalSection(SolutionConfigurationPlatforms) = preSolution
		Debug|Any CPU = Debug|Any CPU
		Release|Any CPU = Release|Any CPU
	EndGlobalSection
	GlobalSection(ProjectConfigurationPlatforms) = postSolution
		{A179EE6D-1827-46B8-81E5-DD1F4D831C67}.Debug|Any CPU.ActiveCfg = Debug|Any CPU
		{A179EE6D-1827-46B8-81E5-DD1F4D831C67}.Debug|Any CPU.Build.0 = Debug|Any CPU
		{A179EE6D-1827-46B8-81E5-DD1F4D831C67}.Release|Any CPU.ActiveCfg = Release|Any CPU
		{A179EE6D-1827-46B8-81E5-DD1F4D831C67}.Release|Any CPU.Build.0 = Release|Any CPU
	EndGlobalSection
	GlobalSection(SolutionProperties) = preSolution
		HideSolutionNode = FALSE
	EndGlobalSection
EndGlobal
